
Microsoft Visual Studio Solution File, Format Version 9.00
# Visual Studio 2005
Project("{E24C65DC-7377-472B-9ABA-BC803B73C61A}") = "C:\...\TBH_Web\", "TBH_Web\", "{E43FA133-1CF0-4220-98D1-56D0AF70567D}"
	ProjectSection(WebsiteProperties) = preProject
		Debug.AspNetCompiler.VirtualPath = "/TBH_Web"
		Debug.AspNetCompiler.PhysicalPath = "..\..\..\..\..\..\Projects\ASP.NET\TheBeerHouse\TBH_Web\"
		Debug.AspNetCompiler.TargetPath = "PrecompiledWeb\TBH_Web\"
		Debug.AspNetCompiler.Updateable = "true"
		Debug.AspNetCompiler.ForceOverwrite = "true"
		Debug.AspNetCompiler.FixedNames = "false"
		Debug.AspNetCompiler.Debug = "True"
		Release.AspNetCompiler.VirtualPath = "/TBH_Web"
		Release.AspNetCompiler.PhysicalPath = "..\..\..\..\..\..\Projects\ASP.NET\TheBeerHouse\TBH_Web\"
		Release.AspNetCompiler.TargetPath = "PrecompiledWeb\TBH_Web\"
		Release.AspNetCompiler.Updateable = "true"
		Release.AspNetCompiler.ForceOverwrite = "true"
		Release.AspNetCompiler.FixedNames = "false"
		Release.AspNetCompiler.Debug = "False"
		VWDPort = "4428"
	EndProjectSection
EndProject
Project("{FAE04EC0-301F-11D3-BF4B-00C04F79EFBC}") = "TBHCustomEvents", "TBH_CustomEvents\TBHCustomEvents.csproj", "{0C021C6D-B110-4F5A-9D52-F8DB244553D6}"
EndProject
Project("{2CFEAB61-6A3B-4EB8-B523-560B4BEEF521}") = "TBH_Deploy", "TBH_Deploy\TBH_Deploy.wdproj", "{139B437C-600E-46B0-8AC6-D938A6D1FEC4}"
EndProject
Project("{54435603-DBB4-11D2-8724-00A0C9A8B90C}") = "TBH_Setup", "TBH_Setup\TBH_Setup.vdproj", "{C1DACB50-2470-4746-9B9B-AA75D149FF30}"
EndProject
Global
	GlobalSection(SolutionConfigurationPlatforms) = preSolution
		Debug|.NET = Debug|.NET
		Debug|Any CPU = Debug|Any CPU
		Debug|Mixed Platforms = Debug|Mixed Platforms
		Release|.NET = Release|.NET
		Release|Any CPU = Release|Any CPU
		Release|Mixed Platforms = Release|Mixed Platforms
	EndGlobalSection
	GlobalSection(ProjectConfigurationPlatforms) = postSolution
		{E43FA133-1CF0-4220-98D1-56D0AF70567D}.Debug|.NET.ActiveCfg = Debug|.NET
		{E43FA133-1CF0-4220-98D1-56D0AF70567D}.Debug|.NET.Build.0 = Debug|.NET
		{E43FA133-1CF0-4220-98D1-56D0AF70567D}.Debug|Any CPU.ActiveCfg = Debug|.NET
		{E43FA133-1CF0-4220-98D1-56D0AF70567D}.Debug|Mixed Platforms.ActiveCfg = Debug|.NET
		{E43FA133-1CF0-4220-98D1-56D0AF70567D}.Debug|Mixed Platforms.Build.0 = Debug|.NET
		{E43FA133-1CF0-4220-98D1-56D0AF70567D}.Release|.NET.ActiveCfg = Debug|.NET
		{E43FA133-1CF0-4220-98D1-56D0AF70567D}.Release|.NET.Build.0 = Debug|.NET
		{E43FA133-1CF0-4220-98D1-56D0AF70567D}.Release|Any CPU.ActiveCfg = Debug|.NET
		{E43FA133-1CF0-4220-98D1-56D0AF70567D}.Release|Mixed Platforms.ActiveCfg = Debug|.NET
		{E43FA133-1CF0-4220-98D1-56D0AF70567D}.Release|Mixed Platforms.Build.0 = Debug|.NET
		{0C021C6D-B110-4F5A-9D52-F8DB244553D6}.Debug|.NET.ActiveCfg = Debug|Any CPU
		{0C021C6D-B110-4F5A-9D52-F8DB244553D6}.Debug|Any CPU.ActiveCfg = Debug|Any CPU
		{0C021C6D-B110-4F5A-9D52-F8DB244553D6}.Debug|Any CPU.Build.0 = Debug|Any CPU
		{0C021C6D-B110-4F5A-9D52-F8DB244553D6}.Debug|Mixed Platforms.ActiveCfg = Debug|Any CPU
		{0C021C6D-B110-4F5A-9D52-F8DB244553D6}.Debug|Mixed Platforms.Build.0 = Debug|Any CPU
		{0C021C6D-B110-4F5A-9D52-F8DB244553D6}.Release|.NET.ActiveCfg = Release|Any CPU
		{0C021C6D-B110-4F5A-9D52-F8DB244553D6}.Release|Any CPU.ActiveCfg = Release|Any CPU
		{0C021C6D-B110-4F5A-9D52-F8DB244553D6}.Release|Any CPU.Build.0 = Release|Any CPU
		{0C021C6D-B110-4F5A-9D52-F8DB244553D6}.Release|Mixed Platforms.ActiveCfg = Debug|Any CPU
		{0C021C6D-B110-4F5A-9D52-F8DB244553D6}.Release|Mixed Platforms.Build.0 = Debug|Any CPU
		{139B437C-600E-46B0-8AC6-D938A6D1FEC4}.Debug|.NET.ActiveCfg = Debug|Any CPU
		{139B437C-600E-46B0-8AC6-D938A6D1FEC4}.Debug|Any CPU.ActiveCfg = Debug|Any CPU
		{139B437C-600E-46B0-8AC6-D938A6D1FEC4}.Debug|Any CPU.Build.0 = Debug|Any CPU
		{139B437C-600E-46B0-8AC6-D938A6D1FEC4}.Debug|Mixed Platforms.ActiveCfg = Debug|Any CPU
		{139B437C-600E-46B0-8AC6-D938A6D1FEC4}.Release|.NET.ActiveCfg = Release|Any CPU
		{139B437C-600E-46B0-8AC6-D938A6D1FEC4}.Release|Any CPU.ActiveCfg = Release|Any CPU
		{139B437C-600E-46B0-8AC6-D938A6D1FEC4}.Release|Any CPU.Build.0 = Release|Any CPU
		{139B437C-600E-46B0-8AC6-D938A6D1FEC4}.Release|Mixed Platforms.ActiveCfg = Debug|Any CPU
		{C1DACB50-2470-4746-9B9B-AA75D149FF30}.Debug|.NET.ActiveCfg = Debug
		{C1DACB50-2470-4746-9B9B-AA75D149FF30}.Debug|Any CPU.ActiveCfg = Debug
		{C1DACB50-2470-4746-9B9B-AA75D149FF30}.Debug|Mixed Platforms.ActiveCfg = Debug
		{C1DACB50-2470-4746-9B9B-AA75D149FF30}.Release|.NET.ActiveCfg = Release
		{C1DACB50-2470-4746-9B9B-AA75D149FF30}.Release|Any CPU.ActiveCfg = Release
		{C1DACB50-2470-4746-9B9B-AA75D149FF30}.Release|Mixed Platforms.ActiveCfg = Release
	EndGlobalSection
	GlobalSection(SolutionProperties) = preSolution
		HideSolutionNode = FALSE
	EndGlobalSection
EndGlobal
